
Microsoft Visual Studio Solution File, Format Version 12.00
# Visual Studio 15
VisualStudioVersion = 15.0.27004.2010
MinimumVisualStudioVersion = 10.0.40219.1
Project("{8BC9CEB8-8B4A-11D0-8D11-00A0C91BC942}") = "Hm6_2", "Hm6_2\Hm6_2.vcxproj", "{7CF23054-BDBB-4CAE-8C10-507C0F7A2085}"
EndProject
Global
	GlobalSection(SolutionConfigurationPlatforms) = preSolution
		Debug|x64 = Debug|x64
		Debug|x86 = Debug|x86
		Release|x64 = Release|x64
		Release|x86 = Release|x86
	EndGlobalSection
	GlobalSection(ProjectConfigurationPlatforms) = postSolution
		{7CF23054-BDBB-4CAE-8C10-507C0F7A2085}.Debug|x64.ActiveCfg = Debug|x64
		{7CF23054-BDBB-4CAE-8C10-507C0F7A2085}.Debug|x64.Build.0 = Debug|x64
		{7CF23054-BDBB-4CAE-8C10-507C0F7A2085}.Debug|x86.ActiveCfg = Debug|Win32
		{7CF23054-BDBB-4CAE-8C10-507C0F7A2085}.Debug|x86.Build.0 = Debug|Win32
		{7CF23054-BDBB-4CAE-8C10-507C0F7A2085}.Release|x64.ActiveCfg = Release|x64
		{7CF23054-BDBB-4CAE-8C10-507C0F7A2085}.Release|x64.Build.0 = Release|x64
		{7CF23054-BDBB-4CAE-8C10-507C0F7A2085}.Release|x86.ActiveCfg = Release|Win32
		{7CF23054-BDBB-4CAE-8C10-507C0F7A2085}.Release|x86.Build.0 = Release|Win32
	EndGlobalSection
	GlobalSection(SolutionProperties) = preSolution
		HideSolutionNode = FALSE
	EndGlobalSection
	GlobalSection(ExtensibilityGlobals) = postSolution
		SolutionGuid = {6E0917E0-35BD-4562-B9BC-1239FDF3B43C}
	EndGlobalSection
EndGlobal
