
Microsoft Visual Studio Solution File, Format Version 12.00
# Visual Studio 15
VisualStudioVersion = 15.0.27004.2010
MinimumVisualStudioVersion = 10.0.40219.1
Project("{8BC9CEB8-8B4A-11D0-8D11-00A0C91BC942}") = "Final Project", "Final Project\Final Project.vcxproj", "{95252E4D-2E7A-4C4D-A618-AF9F63F52430}"
EndProject
Global
	GlobalSection(SolutionConfigurationPlatforms) = preSolution
		Debug|x64 = Debug|x64
		Debug|x86 = Debug|x86
		Release|x64 = Release|x64
		Release|x86 = Release|x86
	EndGlobalSection
	GlobalSection(ProjectConfigurationPlatforms) = postSolution
		{95252E4D-2E7A-4C4D-A618-AF9F63F52430}.Debug|x64.ActiveCfg = Debug|x64
		{95252E4D-2E7A-4C4D-A618-AF9F63F52430}.Debug|x64.Build.0 = Debug|x64
		{95252E4D-2E7A-4C4D-A618-AF9F63F52430}.Debug|x86.ActiveCfg = Debug|Win32
		{95252E4D-2E7A-4C4D-A618-AF9F63F52430}.Debug|x86.Build.0 = Debug|Win32
		{95252E4D-2E7A-4C4D-A618-AF9F63F52430}.Release|x64.ActiveCfg = Release|x64
		{95252E4D-2E7A-4C4D-A618-AF9F63F52430}.Release|x64.Build.0 = Release|x64
		{95252E4D-2E7A-4C4D-A618-AF9F63F52430}.Release|x86.ActiveCfg = Release|Win32
		{95252E4D-2E7A-4C4D-A618-AF9F63F52430}.Release|x86.Build.0 = Release|Win32
	EndGlobalSection
	GlobalSection(SolutionProperties) = preSolution
		HideSolutionNode = FALSE
	EndGlobalSection
	GlobalSection(ExtensibilityGlobals) = postSolution
		SolutionGuid = {5F5AFA40-0562-45D8-9486-3DA4E379F45E}
	EndGlobalSection
EndGlobal
